{
  "name": "thinkerton",
  "version": "1.0.0",
  "lockfileVersion": 3,
  "requires": true,
  "packages": {
    "": {
      "name": "thinkerton",
      "version": "1.0.0",
      "license": "ISC",
      "dependencies": {
        "@chenglou/pretext": "^0.0.3"
      }
    },
    "node_modules/@chenglou/pretext": {
      "version": "0.0.3",
      "resolved": "https://registry.npmjs.org/@chenglou/pretext/-/pretext-0.0.3.tgz",
      "integrity": "sha512-RQmqMqUAPRCyv4R3LlRi/ao6KbNWYclqLA+V1HS7sWgyUUbjn3JmmlfXZSY/BjM4rbmIaMSyIVisYocYGYftiQ==",
      "license": "MIT"
    }
  }
}
